
Microsoft Visual Studio Solution File, Format Version 12.00
# Visual Studio Version 16
VisualStudioVersion = 16.0.32413.511
MinimumVisualStudioVersion = 10.0.40219.1
Project("{FAE04EC0-301F-11D3-BF4B-00C04F79EFBC}") = "Algo project", "Algo project\Algo project.csproj", "{CDD683D2-72EC-46ED-909B-8D2A9C68DE09}"
EndProject
Global
	GlobalSection(SolutionConfigurationPlatforms) = preSolution
		Debug|Any CPU = Debug|Any CPU
		Release|Any CPU = Release|Any CPU
	EndGlobalSection
	GlobalSection(ProjectConfigurationPlatforms) = postSolution
		{CDD683D2-72EC-46ED-909B-8D2A9C68DE09}.Debug|Any CPU.ActiveCfg = Debug|Any CPU
		{CDD683D2-72EC-46ED-909B-8D2A9C68DE09}.Debug|Any CPU.Build.0 = Debug|Any CPU
		{CDD683D2-72EC-46ED-909B-8D2A9C68DE09}.Release|Any CPU.ActiveCfg = Release|Any CPU
		{CDD683D2-72EC-46ED-909B-8D2A9C68DE09}.Release|Any CPU.Build.0 = Release|Any CPU
	EndGlobalSection
	GlobalSection(SolutionProperties) = preSolution
		HideSolutionNode = FALSE
	EndGlobalSection
	GlobalSection(ExtensibilityGlobals) = postSolution
		SolutionGuid = {5F5CFC82-7460-4590-BDEC-99DB8545F985}
	EndGlobalSection
EndGlobal
